
Microsoft Visual Studio Solution File, Format Version 12.00
# Visual Studio 15
VisualStudioVersion = 15.0.27703.2035
MinimumVisualStudioVersion = 10.0.40219.1
Project("{FAE04EC0-301F-11D3-BF4B-00C04F79EFBC}") = "SiteCurso", "SiteCurso\SiteCurso.csproj", "{D6458B83-97BD-4435-9307-7E9693D78825}"
EndProject
Global
	GlobalSection(SolutionConfigurationPlatforms) = preSolution
		Debug|Any CPU = Debug|Any CPU
		Release|Any CPU = Release|Any CPU
	EndGlobalSection
	GlobalSection(ProjectConfigurationPlatforms) = postSolution
		{D6458B83-97BD-4435-9307-7E9693D78825}.Debug|Any CPU.ActiveCfg = Debug|Any CPU
		{D6458B83-97BD-4435-9307-7E9693D78825}.Debug|Any CPU.Build.0 = Debug|Any CPU
		{D6458B83-97BD-4435-9307-7E9693D78825}.Release|Any CPU.ActiveCfg = Release|Any CPU
		{D6458B83-97BD-4435-9307-7E9693D78825}.Release|Any CPU.Build.0 = Release|Any CPU
	EndGlobalSection
	GlobalSection(SolutionProperties) = preSolution
		HideSolutionNode = FALSE
	EndGlobalSection
	GlobalSection(ExtensibilityGlobals) = postSolution
		SolutionGuid = {2A564A31-03C1-4BDD-9417-099A6859665A}
	EndGlobalSection
EndGlobal
